{
  "requires": true,
  "lockfileVersion": 1,
  "dependencies": {
    "@babel/runtime": {
      "version": "7.15.4",
      "resolved": "https://registry.npmjs.org/@babel/runtime/-/runtime-7.15.4.tgz",
      "integrity": "sha512-99catp6bHCaxr4sJ/DbTGgHS4+Rs2RVd2g7iOap6SLGPDknRK9ztKNsE/Fg6QhSeh1FGE5f6gHGQmvvn3I3xhw==",
      "requires": {
        "regenerator-runtime": "^0.13.4"
      }
    },
    "@types/js-cookie": {
      "version": "2.2.6",
      "resolved": "https://registry.npmjs.org/@types/js-cookie/-/js-cookie-2.2.6.tgz",
      "integrity": "sha512-+oY0FDTO2GYKEV0YPvSshGq9t7YozVkgvXLty7zogQNuCxBhT9/3INX9Q7H1aRZ4SUDRXAKlJuA4EA5nTt7SNw=="
    },
    "@types/json-schema": {
      "version": "7.0.9",
      "resolved": "https://registry.npmjs.org/@types/json-schema/-/json-schema-7.0.9.tgz",
      "integrity": "sha512-qcUXuemtEu+E5wZSJHNxUXeCZhAfXKQ41D+duX+VYPde7xyEVZci+/oXKJL13tnRs9lR2pr4fod59GT6/X1/yQ==",
      "dev": true
    },
    "@xobotyi/scrollbar-width": {
      "version": "1.9.5",
      "resolved": "https://registry.npmjs.org/@xobotyi/scrollbar-width/-/scrollbar-width-1.9.5.tgz",
      "integrity": "sha512-N8tkAACJx2ww8vFMneJmaAgmjAG1tnVBZJRLRcx061tmsLRZHSEZSLuGWnwPtunsSLvSqXQ2wfp7Mgqg1I+2dQ=="
    },
    "ajv": {
      "version": "6.12.6",
      "resolved": "https://registry.npmjs.org/ajv/-/ajv-6.12.6.tgz",
      "integrity": "sha512-j3fVLgvTo527anyYyJOGTYJbG+vnnQYvE0m5mmkc1TK+nxAppkCLMIL0aZ4dblVCNoGShhm+kzE4ZUykBoMg4g==",
      "dev": true,
      "requires": {
        "fast-deep-equal": "^3.1.1",
        "fast-json-stable-stringify": "^2.0.0",
        "json-schema-traverse": "^0.4.1",
        "uri-js": "^4.2.2"
      }
    },
    "ajv-keywords": {
      "version": "3.5.2",
      "resolved": "https://registry.npmjs.org/ajv-keywords/-/ajv-keywords-3.5.2.tgz",
      "integrity": "sha512-5p6WTN0DdTGVQk6VjcEju19IgaHudalcfabD7yhDGeA6bcQnmL+CpveLJq/3hvfwd1aof6L386Ougkx6RfyMIQ==",
      "dev": true
    },
    "big.js": {
      "version": "5.2.2",
      "resolved": "https://registry.npmjs.org/big.js/-/big.js-5.2.2.tgz",
      "integrity": "sha512-vyL2OymJxmarO8gxMr0mhChsO9QGwhynfuu4+MHTAW6czfq9humCB7rKpUjDd9YUiDPU4mzpyupFSvOClAwbmQ==",
      "dev": true
    },
    "copy-to-clipboard": {
      "version": "3.3.1",
      "resolved": "https://registry.npmjs.org/copy-to-clipboard/-/copy-to-clipboard-3.3.1.tgz",
      "integrity": "sha512-i13qo6kIHTTpCm8/Wup+0b1mVWETvu2kIMzKoK8FpkLkFxlt0znUAHcMzox+T8sPlqtZXq3CulEjQHsYiGFJUw==",
      "requires": {
        "toggle-selection": "^1.0.6"
      }
    },
    "css-in-js-utils": {
      "version": "2.0.1",
      "resolved": "https://registry.npmjs.org/css-in-js-utils/-/css-in-js-utils-2.0.1.tgz",
      "integrity": "sha512-PJF0SpJT+WdbVVt0AOYp9C8GnuruRlL/UFW7932nLWmFLQTaWEzTBQEx7/hn4BuV+WON75iAViSUJLiU3PKbpA==",
      "requires": {
        "hyphenate-style-name": "^1.0.2",
        "isobject": "^3.0.1"
      }
    },
    "css-tree": {
      "version": "1.1.3",
      "resolved": "https://registry.npmjs.org/css-tree/-/css-tree-1.1.3.tgz",
      "integrity": "sha512-tRpdppF7TRazZrjJ6v3stzv93qxRcSsFmW6cX0Zm2NVKpxE1WV1HblnghVv9TreireHkqI/VDEsfolRF1p6y7Q==",
      "requires": {
        "mdn-data": "2.0.14",
        "source-map": "^0.6.1"
      }
    },
    "csstype": {
      "version": "3.0.9",
      "resolved": "https://registry.npmjs.org/csstype/-/csstype-3.0.9.tgz",
      "integrity": "sha512-rpw6JPxK6Rfg1zLOYCSwle2GFOOsnjmDYDaBwEcwoOg4qlsIVCN789VkBZDJAGi4T07gI4YSutR43t9Zz4Lzuw=="
    },
    "debug": {
      "version": "2.6.9",
      "resolved": "https://registry.npmjs.org/debug/-/debug-2.6.9.tgz",
      "integrity": "sha512-bC7ElrdJaJnPbAP+1EotYvqZsb3ecl5wi6Bfi6BJTUcNowp6cvspg0jXznRTKDjm/E7AdgFBVeAPVMNcKGsHMA==",
      "requires": {
        "ms": "2.0.0"
      }
    },
    "decode-uri-component": {
      "version": "0.2.0",
      "resolved": "https://registry.npmjs.org/decode-uri-component/-/decode-uri-component-0.2.0.tgz",
      "integrity": "sha1-6zkTMzRYd1y4TNGh+uBiEGu4dUU="
    },
    "deepmerge": {
      "version": "4.2.2",
      "resolved": "https://registry.npmjs.org/deepmerge/-/deepmerge-4.2.2.tgz",
      "integrity": "sha512-FJ3UgI4gIl+PHZm53knsuSFpE+nESMr7M4v9QcgB7S63Kj/6WqMiFQJpBBYz1Pt+66bZpP3Q7Lye0Oo9MPKEdg=="
    },
    "emojis-list": {
      "version": "3.0.0",
      "resolved": "https://registry.npmjs.org/emojis-list/-/emojis-list-3.0.0.tgz",
      "integrity": "sha512-/kyM18EfinwXZbno9FyUGeFh87KC8HRQBQGildHZbEuRyWFOmv1U10o9BBp8XVZDVNNuQKyIGIu5ZYAAXJ0V2Q==",
      "dev": true
    },
    "error-stack-parser": {
      "version": "2.0.6",
      "resolved": "https://registry.npmjs.org/error-stack-parser/-/error-stack-parser-2.0.6.tgz",
      "integrity": "sha512-d51brTeqC+BHlwF0BhPtcYgF5nlzf9ZZ0ZIUQNZpc9ZB9qw5IJ2diTrBY9jlCJkTLITYPjmiX6OWCwH+fuyNgQ==",
      "requires": {
        "stackframe": "^1.1.1"
      }
    },
    "fast-deep-equal": {
      "version": "3.1.3",
      "resolved": "https://registry.npmjs.org/fast-deep-equal/-/fast-deep-equal-3.1.3.tgz",
      "integrity": "sha512-f3qQ9oQy9j2AhBe/H9VC91wLmKBCCU/gDOnKNAYG5hswO7BLKj09Hc5HYNz9cGI++xlpDCIgDaitVs03ATR84Q=="
    },
    "fast-json-stable-stringify": {
      "version": "2.1.0",
      "resolved": "https://registry.npmjs.org/fast-json-stable-stringify/-/fast-json-stable-stringify-2.1.0.tgz",
      "integrity": "sha512-lhd/wF+Lk98HZoTCtlVraHtfh5XYijIjalXck7saUtuanSDyLMxnHhSXEDJqHxD7msR8D0uCmqlkwjCV8xvwHw==",
      "dev": true
    },
    "fast-shallow-equal": {
      "version": "1.0.0",
      "resolved": "https://registry.npmjs.org/fast-shallow-equal/-/fast-shallow-equal-1.0.0.tgz",
      "integrity": "sha512-HPtaa38cPgWvaCFmRNhlc6NG7pv6NUHqjPgVAkWGoB9mQMwYB27/K0CvOM5Czy+qpT3e8XJ6Q4aPAnzpNpzNaw=="
    },
    "fastest-stable-stringify": {
      "version": "2.0.2",
      "resolved": "https://registry.npmjs.org/fastest-stable-stringify/-/fastest-stable-stringify-2.0.2.tgz",
      "integrity": "sha512-bijHueCGd0LqqNK9b5oCMHc0MluJAx0cwqASgbWMvkO01lCYgIhacVRLcaDz3QnyYIRNJRDwMb41VuT6pHJ91Q=="
    },
    "hyphenate-style-name": {
      "version": "1.0.4",
      "resolved": "https://registry.npmjs.org/hyphenate-style-name/-/hyphenate-style-name-1.0.4.tgz",
      "integrity": "sha512-ygGZLjmXfPHj+ZWh6LwbC37l43MhfztxetbFCoYTM2VjkIUpeHgSNn7QIyVFj7YQ1Wl9Cbw5sholVJPzWvC2MQ=="
    },
    "inline-style-prefixer": {
      "version": "6.0.1",
      "resolved": "https://registry.npmjs.org/inline-style-prefixer/-/inline-style-prefixer-6.0.1.tgz",
      "integrity": "sha512-AsqazZ8KcRzJ9YPN1wMH2aNM7lkWQ8tSPrW5uDk1ziYwiAPWSZnUsC7lfZq+BDqLqz0B4Pho5wscWcJzVvRzDQ==",
      "requires": {
        "css-in-js-utils": "^2.0.0"
      }
    },
    "isobject": {
      "version": "3.0.1",
      "resolved": "https://registry.npmjs.org/isobject/-/isobject-3.0.1.tgz",
      "integrity": "sha1-TkMekrEalzFjaqH5yNHMvP2reN8="
    },
    "js-cookie": {
      "version": "2.2.1",
      "resolved": "https://registry.npmjs.org/js-cookie/-/js-cookie-2.2.1.tgz",
      "integrity": "sha512-HvdH2LzI/EAZcUwA8+0nKNtWHqS+ZmijLA30RwZA0bo7ToCckjK5MkGhjED9KoRcXO6BaGI3I9UIzSA1FKFPOQ=="
    },
    "js-tokens": {
      "version": "4.0.0",
      "resolved": "https://registry.npmjs.org/js-tokens/-/js-tokens-4.0.0.tgz",
      "integrity": "sha512-RdJUflcE3cUzKiMqQgsCu06FPu9UdIJO0beYbPhHN4k6apgJtifcoCtT9bcxOpYBtpD2kCM6Sbzg4CausW/PKQ=="
    },
    "json-schema-traverse": {
      "version": "0.4.1",
      "resolved": "https://registry.npmjs.org/json-schema-traverse/-/json-schema-traverse-0.4.1.tgz",
      "integrity": "sha512-xbbCH5dCYU5T8LcEhhuh7HJ88HXuW3qsI3Y0zOZFKfZEHcpWiHU/Jxzk629Brsab/mMiHQti9wMP+845RPe3Vg==",
      "dev": true
    },
    "json5": {
      "version": "2.2.0",
      "resolved": "https://registry.npmjs.org/json5/-/json5-2.2.0.tgz",
      "integrity": "sha512-f+8cldu7X/y7RAJurMEJmdoKXGB/X550w2Nr3tTbezL6RwEE/iMcm+tZnXeoZtKuOq6ft8+CqzEkrIgx1fPoQA==",
      "dev": true,
      "requires": {
        "minimist": "^1.2.5"
      }
    },
    "load-script": {
      "version": "1.0.0",
      "resolved": "https://registry.npmjs.org/load-script/-/load-script-1.0.0.tgz",
      "integrity": "sha1-BJGTngvuVkPuSUp+PaPSuscMbKQ="
    },
    "loader-utils": {
      "version": "2.0.0",
      "resolved": "https://registry.npmjs.org/loader-utils/-/loader-utils-2.0.0.tgz",
      "integrity": "sha512-rP4F0h2RaWSvPEkD7BLDFQnvSf+nK+wr3ESUjNTyAGobqrijmW92zc+SO6d4p4B1wh7+B/Jg1mkQe5NYUEHtHQ==",
      "dev": true,
      "requires": {
        "big.js": "^5.2.2",
        "emojis-list": "^3.0.0",
        "json5": "^2.1.2"
      }
    },
    "loose-envify": {
      "version": "1.4.0",
      "resolved": "https://registry.npmjs.org/loose-envify/-/loose-envify-1.4.0.tgz",
      "integrity": "sha512-lyuxPGr/Wfhrlem2CL/UcnUc1zcqKAImBDzukY7Y5F/yQiNdko6+fRLevlw1HgMySw7f611UIY408EtxRSoK3Q==",
      "requires": {
        "js-tokens": "^3.0.0 || ^4.0.0"
      }
    },
    "mdn-data": {
      "version": "2.0.14",
      "resolved": "https://registry.npmjs.org/mdn-data/-/mdn-data-2.0.14.tgz",
      "integrity": "sha512-dn6wd0uw5GsdswPFfsgMp5NSB0/aDe6fK94YJV/AJDYXL6HVLWBsxeq7js7Ad+mU2K9LAlwpk6kN2D5mwCPVow=="
    },
    "minimist": {
      "version": "1.2.5",
      "resolved": "https://registry.npmjs.org/minimist/-/minimist-1.2.5.tgz",
      "integrity": "sha512-FM9nNUYrRBAELZQT3xeZQ7fmMOBg6nWNmJKTcgsJeaLstP/UODVpGsr5OhXhhXg6f+qtJ8uiZ+PUxkDWcgIXLw==",
      "dev": true
    },
    "ms": {
      "version": "2.0.0",
      "resolved": "https://registry.npmjs.org/ms/-/ms-2.0.0.tgz",
      "integrity": "sha1-VgiurfwAvmwpAd9fmGF4jeDVl8g="
    },
    "nano-css": {
      "version": "5.3.4",
      "resolved": "https://registry.npmjs.org/nano-css/-/nano-css-5.3.4.tgz",
      "integrity": "sha512-wfcviJB6NOxDIDfr7RFn/GlaN7I/Bhe4d39ZRCJ3xvZX60LVe2qZ+rDqM49nm4YT81gAjzS+ZklhKP/Gnfnubg==",
      "requires": {
        "css-tree": "^1.1.2",
        "csstype": "^3.0.6",
        "fastest-stable-stringify": "^2.0.2",
        "inline-style-prefixer": "^6.0.0",
        "rtl-css-js": "^1.14.0",
        "sourcemap-codec": "^1.4.8",
        "stacktrace-js": "^2.0.2",
        "stylis": "^4.0.6"
      }
    },
    "object-assign": {
      "version": "4.1.1",
      "resolved": "https://registry.npmjs.org/object-assign/-/object-assign-4.1.1.tgz",
      "integrity": "sha1-IQmtx5ZYh8/AXLvUQsrIv7s2CGM="
    },
    "p4-css": {
      "version": "1.5.1",
      "resolved": "https://registry.npmjs.org/p4-css/-/p4-css-1.5.1.tgz",
      "integrity": "sha512-CRyakHYb77Hw9UbMdZ/nQi/roS9C9ahvl5FfCKUhVPtpCcTyOnYNwtFQ8VgcBXybT3nwil61TE/ujH6b5kNDDg==",
      "requires": {
        "nano-css": "^5.3.0"
      }
    },
    "prop-types": {
      "version": "15.7.2",
      "resolved": "https://registry.npmjs.org/prop-types/-/prop-types-15.7.2.tgz",
      "integrity": "sha512-8QQikdH7//R2vurIJSutZ1smHYTcLpRWEOlHnzcWHmBYrOGUysKwSsrC89BCiFj3CbrfJ/nXFdJepOVrY1GCHQ==",
      "requires": {
        "loose-envify": "^1.4.0",
        "object-assign": "^4.1.1",
        "react-is": "^16.8.1"
      }
    },
    "punycode": {
      "version": "2.1.1",
      "resolved": "https://registry.npmjs.org/punycode/-/punycode-2.1.1.tgz",
      "integrity": "sha512-XRsRjdf+j5ml+y/6GKHPZbrF/8p2Yga0JPtdqTIY2Xe5ohJPD9saDJJLPvp9+NSBprVvevdXZybnj2cv8OEd0A==",
      "dev": true
    },
    "query-string": {
      "version": "5.1.1",
      "resolved": "https://registry.npmjs.org/query-string/-/query-string-5.1.1.tgz",
      "integrity": "sha512-gjWOsm2SoGlgLEdAGt7a6slVOk9mGiXmPFMqrEhLQ68rhQuBnpfs3+EmlvqKyxnCo9/PPlF+9MtY02S1aFg+Jw==",
      "requires": {
        "decode-uri-component": "^0.2.0",
        "object-assign": "^4.1.0",
        "strict-uri-encode": "^1.0.0"
      }
    },
    "raw-loader": {
      "version": "4.0.2",
      "resolved": "https://registry.npmjs.org/raw-loader/-/raw-loader-4.0.2.tgz",
      "integrity": "sha512-ZnScIV3ag9A4wPX/ZayxL/jZH+euYb6FcUinPcgiQW0+UBtEv0O6Q3lGd3cqJ+GHH+rksEv3Pj99oxJ3u3VIKA==",
      "dev": true,
      "requires": {
        "loader-utils": "^2.0.0",
        "schema-utils": "^3.0.0"
      }
    },
    "react-embed": {
      "version": "3.3.3",
      "resolved": "https://registry.npmjs.org/react-embed/-/react-embed-3.3.3.tgz",
      "integrity": "sha512-UbIh0SMWARtFWkG2u+cK1NZ8Du0/pWHNSVWHy3bgyvbawh/PBlBmmSpquImThcVP2Ko8b8gEC9IskIM1G8Cm3Q==",
      "requires": {
        "p4-css": "^1.5.1",
        "react-instagram-embed": "^1.5.0",
        "react-player": "^1.15.3",
        "react-simple-player": "^1.0.3",
        "react-youtube": "^7.13.1",
        "scriptjs": "^2.5.9"
      }
    },
    "react-instagram-embed": {
      "version": "1.5.0",
      "resolved": "https://registry.npmjs.org/react-instagram-embed/-/react-instagram-embed-1.5.0.tgz",
      "integrity": "sha512-8HGBHjK4k6xJjActGLll22TCE8G9GI6aIlb7r8UJB9MYMnJpk15SuAQOoAeujb4pkOQGlWgfU3TW7R+97dp8mg==",
      "requires": {
        "query-string": "^5.1.1"
      }
    },
    "react-is": {
      "version": "16.13.1",
      "resolved": "https://registry.npmjs.org/react-is/-/react-is-16.13.1.tgz",
      "integrity": "sha512-24e6ynE2H+OKt4kqsOvNd8kBpV65zoxbA4BVsEOB3ARVWQki/DHzaUoC5KuON/BiccDaCCTZBuOcfZs70kR8bQ=="
    },
    "react-player": {
      "version": "1.15.3",
      "resolved": "https://registry.npmjs.org/react-player/-/react-player-1.15.3.tgz",
      "integrity": "sha512-8fc0R1AipFIy7l4lKgnIg+gMU2IY32ZMxxBlINjXAq/YnN3HUP3hOaE+aQ0lQv+a1/MMZgbekWD86ZGDO7kB8g==",
      "requires": {
        "deepmerge": "^4.0.0",
        "load-script": "^1.0.0",
        "prop-types": "^15.7.2"
      }
    },
    "react-simple-player": {
      "version": "1.0.3",
      "resolved": "https://registry.npmjs.org/react-simple-player/-/react-simple-player-1.0.3.tgz",
      "integrity": "sha512-o1/AMini1xcSaaetXbEVA3JUOh3MVSC7K9NRn9I8UVcsx57lIIkM7uPxqCaFX0jszRavwkNixAeXioTmNLtkIQ==",
      "requires": {
        "p4-css": "^1.5.1",
        "react-use": "^14.2.0"
      }
    },
    "react-universal-interface": {
      "version": "0.6.2",
      "resolved": "https://registry.npmjs.org/react-universal-interface/-/react-universal-interface-0.6.2.tgz",
      "integrity": "sha512-dg8yXdcQmvgR13RIlZbTRQOoUrDciFVoSBZILwjE2LFISxZZ8loVJKAkuzswl5js8BHda79bIb2b84ehU8IjXw=="
    },
    "react-use": {
      "version": "14.3.0",
      "resolved": "https://registry.npmjs.org/react-use/-/react-use-14.3.0.tgz",
      "integrity": "sha512-Jx7Zl0k8dHA0UKpTVwYUThC5/V+Dt6JzCGiMHPNIhsxJGkiKuB1AQ7J7pNq4zj3l37ABd/RF+jRGThw0czrJXA==",
      "requires": {
        "@types/js-cookie": "2.2.6",
        "@xobotyi/scrollbar-width": "1.9.5",
        "copy-to-clipboard": "^3.2.0",
        "fast-deep-equal": "^3.1.1",
        "fast-shallow-equal": "^1.0.0",
        "js-cookie": "^2.2.1",
        "nano-css": "^5.2.1",
        "react-universal-interface": "^0.6.0",
        "resize-observer-polyfill": "^1.5.1",
        "screenfull": "^5.0.0",
        "set-harmonic-interval": "^1.0.1",
        "throttle-debounce": "^2.1.0",
        "ts-easing": "^0.2.0",
        "tslib": "^1.10.0"
      }
    },
    "react-youtube": {
      "version": "7.13.1",
      "resolved": "https://registry.npmjs.org/react-youtube/-/react-youtube-7.13.1.tgz",
      "integrity": "sha512-b++TLHmHDpd0ZBS1wcbYabbuchU+W4jtx5A2MUQX0BINNKKsaIQX29sn/aLvZ9v5luwAoceia3VGtyz9blaB9w==",
      "requires": {
        "fast-deep-equal": "3.1.3",
        "prop-types": "15.7.2",
        "youtube-player": "5.5.2"
      }
    },
    "regenerator-runtime": {
      "version": "0.13.9",
      "resolved": "https://registry.npmjs.org/regenerator-runtime/-/regenerator-runtime-0.13.9.tgz",
      "integrity": "sha512-p3VT+cOEgxFsRRA9X4lkI1E+k2/CtnKtU4gcxyaCUreilL/vqI6CdZ3wxVUx3UOUg+gnUOQQcRI7BmSI656MYA=="
    },
    "resize-observer-polyfill": {
      "version": "1.5.1",
      "resolved": "https://registry.npmjs.org/resize-observer-polyfill/-/resize-observer-polyfill-1.5.1.tgz",
      "integrity": "sha512-LwZrotdHOo12nQuZlHEmtuXdqGoOD0OhaxopaNFxWzInpEgaLWoVuAMbTzixuosCx2nEG58ngzW3vxdWoxIgdg=="
    },
    "rtl-css-js": {
      "version": "1.14.2",
      "resolved": "https://registry.npmjs.org/rtl-css-js/-/rtl-css-js-1.14.2.tgz",
      "integrity": "sha512-t6Wc/wpqm8s3kuXAV6tL/T7VS6n0XszzX58CgCsLj3O2xi9ITSLfzYhtl+GKyxCi/3QEqVctOJQwCiDzb2vteQ==",
      "requires": {
        "@babel/runtime": "^7.1.2"
      }
    },
    "schema-utils": {
      "version": "3.1.1",
      "resolved": "https://registry.npmjs.org/schema-utils/-/schema-utils-3.1.1.tgz",
      "integrity": "sha512-Y5PQxS4ITlC+EahLuXaY86TXfR7Dc5lw294alXOq86JAHCihAIZfqv8nNCWvaEJvaC51uN9hbLGeV0cFBdH+Fw==",
      "dev": true,
      "requires": {
        "@types/json-schema": "^7.0.8",
        "ajv": "^6.12.5",
        "ajv-keywords": "^3.5.2"
      }
    },
    "screenfull": {
      "version": "5.1.0",
      "resolved": "https://registry.npmjs.org/screenfull/-/screenfull-5.1.0.tgz",
      "integrity": "sha512-dYaNuOdzr+kc6J6CFcBrzkLCfyGcMg+gWkJ8us93IQ7y1cevhQAugFsaCdMHb6lw8KV3xPzSxzH7zM1dQap9mA=="
    },
    "scriptjs": {
      "version": "2.5.9",
      "resolved": "https://registry.npmjs.org/scriptjs/-/scriptjs-2.5.9.tgz",
      "integrity": "sha512-qGVDoreyYiP1pkQnbnFAUIS5AjenNwwQBdl7zeos9etl+hYKWahjRTfzAZZYBv5xNHx7vNKCmaLDQZ6Fr2AEXg=="
    },
    "set-harmonic-interval": {
      "version": "1.0.1",
      "resolved": "https://registry.npmjs.org/set-harmonic-interval/-/set-harmonic-interval-1.0.1.tgz",
      "integrity": "sha512-AhICkFV84tBP1aWqPwLZqFvAwqEoVA9kxNMniGEUvzOlm4vLmOFLiTT3UZ6bziJTy4bOVpzWGTfSCbmaayGx8g=="
    },
    "sister": {
      "version": "3.0.2",
      "resolved": "https://registry.npmjs.org/sister/-/sister-3.0.2.tgz",
      "integrity": "sha512-p19rtTs+NksBRKW9qn0UhZ8/TUI9BPw9lmtHny+Y3TinWlOa9jWh9xB0AtPSdmOy49NJJJSSe0Ey4C7h0TrcYA=="
    },
    "source-map": {
      "version": "0.6.1",
      "resolved": "https://registry.npmjs.org/source-map/-/source-map-0.6.1.tgz",
      "integrity": "sha512-UjgapumWlbMhkBgzT7Ykc5YXUT46F0iKu8SGXq0bcwP5dz/h0Plj6enJqjz1Zbq2l5WaqYnrVbwWOWMyF3F47g=="
    },
    "sourcemap-codec": {
      "version": "1.4.8",
      "resolved": "https://registry.npmjs.org/sourcemap-codec/-/sourcemap-codec-1.4.8.tgz",
      "integrity": "sha512-9NykojV5Uih4lgo5So5dtw+f0JgJX30KCNI8gwhz2J9A15wD0Ml6tjHKwf6fTSa6fAdVBdZeNOs9eJ71qCk8vA=="
    },
    "stack-generator": {
      "version": "2.0.5",
      "resolved": "https://registry.npmjs.org/stack-generator/-/stack-generator-2.0.5.tgz",
      "integrity": "sha512-/t1ebrbHkrLrDuNMdeAcsvynWgoH/i4o8EGGfX7dEYDoTXOYVAkEpFdtshlvabzc6JlJ8Kf9YdFEoz7JkzGN9Q==",
      "requires": {
        "stackframe": "^1.1.1"
      }
    },
    "stackframe": {
      "version": "1.2.0",
      "resolved": "https://registry.npmjs.org/stackframe/-/stackframe-1.2.0.tgz",
      "integrity": "sha512-GrdeshiRmS1YLMYgzF16olf2jJ/IzxXY9lhKOskuVziubpTYcYqyOwYeJKzQkwy7uN0fYSsbsC4RQaXf9LCrYA=="
    },
    "stacktrace-gps": {
      "version": "3.0.4",
      "resolved": "https://registry.npmjs.org/stacktrace-gps/-/stacktrace-gps-3.0.4.tgz",
      "integrity": "sha512-qIr8x41yZVSldqdqe6jciXEaSCKw1U8XTXpjDuy0ki/apyTn/r3w9hDAAQOhZdxvsC93H+WwwEu5cq5VemzYeg==",
      "requires": {
        "source-map": "0.5.6",
        "stackframe": "^1.1.1"
      },
      "dependencies": {
        "source-map": {
          "version": "0.5.6",
          "resolved": "https://registry.npmjs.org/source-map/-/source-map-0.5.6.tgz",
          "integrity": "sha1-dc449SvwczxafwwRjYEzSiu19BI="
        }
      }
    },
    "stacktrace-js": {
      "version": "2.0.2",
      "resolved": "https://registry.npmjs.org/stacktrace-js/-/stacktrace-js-2.0.2.tgz",
      "integrity": "sha512-Je5vBeY4S1r/RnLydLl0TBTi3F2qdfWmYsGvtfZgEI+SCprPppaIhQf5nGcal4gI4cGpCV/duLcAzT1np6sQqg==",
      "requires": {
        "error-stack-parser": "^2.0.6",
        "stack-generator": "^2.0.5",
        "stacktrace-gps": "^3.0.4"
      }
    },
    "strict-uri-encode": {
      "version": "1.1.0",
      "resolved": "https://registry.npmjs.org/strict-uri-encode/-/strict-uri-encode-1.1.0.tgz",
      "integrity": "sha1-J5siXfHVgrH1TmWt3UNS4Y+qBxM="
    },
    "stylis": {
      "version": "4.0.10",
      "resolved": "https://registry.npmjs.org/stylis/-/stylis-4.0.10.tgz",
      "integrity": "sha512-m3k+dk7QeJw660eIKRRn3xPF6uuvHs/FFzjX3HQ5ove0qYsiygoAhwn5a3IYKaZPo5LrYD0rfVmtv1gNY1uYwg=="
    },
    "throttle-debounce": {
      "version": "2.3.0",
      "resolved": "https://registry.npmjs.org/throttle-debounce/-/throttle-debounce-2.3.0.tgz",
      "integrity": "sha512-H7oLPV0P7+jgvrk+6mwwwBDmxTaxnu9HMXmloNLXwnNO0ZxZ31Orah2n8lU1eMPvsaowP2CX+USCgyovXfdOFQ=="
    },
    "toggle-selection": {
      "version": "1.0.6",
      "resolved": "https://registry.npmjs.org/toggle-selection/-/toggle-selection-1.0.6.tgz",
      "integrity": "sha1-bkWxJj8gF/oKzH2J14sVuL932jI="
    },
    "ts-easing": {
      "version": "0.2.0",
      "resolved": "https://registry.npmjs.org/ts-easing/-/ts-easing-0.2.0.tgz",
      "integrity": "sha512-Z86EW+fFFh/IFB1fqQ3/+7Zpf9t2ebOAxNI/V6Wo7r5gqiqtxmgTlQ1qbqQcjLKYeSHPTsEmvlJUDg/EuL0uHQ=="
    },
    "tslib": {
      "version": "1.14.1",
      "resolved": "https://registry.npmjs.org/tslib/-/tslib-1.14.1.tgz",
      "integrity": "sha512-Xni35NKzjgMrwevysHTCArtLDpPvye8zV/0E4EyYn43P7/7qvQwPh9BGkHewbMulVntbigmcT7rdX3BNo9wRJg=="
    },
    "uri-js": {
      "version": "4.4.1",
      "resolved": "https://registry.npmjs.org/uri-js/-/uri-js-4.4.1.tgz",
      "integrity": "sha512-7rKUyy33Q1yc98pQ1DAmLtwX109F7TIfWlW1Ydo8Wl1ii1SeHieeh0HHfPeL2fMXK6z0s8ecKs9frCuLJvndBg==",
      "dev": true,
      "requires": {
        "punycode": "^2.1.0"
      }
    },
    "youtube-player": {
      "version": "5.5.2",
      "resolved": "https://registry.npmjs.org/youtube-player/-/youtube-player-5.5.2.tgz",
      "integrity": "sha512-ZGtsemSpXnDky2AUYWgxjaopgB+shFHgXVpiJFeNB5nWEugpW1KWYDaHKuLqh2b67r24GtP6HoSW5swvf0fFIQ==",
      "requires": {
        "debug": "^2.6.6",
        "load-script": "^1.0.0",
        "sister": "^3.0.0"
      }
    }
  }
}
